
Microsoft Visual Studio Solution File, Format Version 12.00
# Visual Studio Version 17
VisualStudioVersion = 17.5.33530.505
MinimumVisualStudioVersion = 10.0.40219.1
Project("{FAE04EC0-301F-11D3-BF4B-00C04F79EFBC}") = "Ofinger", "Ofinger.csproj", "{F7F74CDB-92C0-4227-90F6-5A457DA8F2C3}"
EndProject
Global
	GlobalSection(SolutionConfigurationPlatforms) = preSolution
		Debug|Any CPU = Debug|Any CPU
		Release|Any CPU = Release|Any CPU
	EndGlobalSection
	GlobalSection(ProjectConfigurationPlatforms) = postSolution
		{F7F74CDB-92C0-4227-90F6-5A457DA8F2C3}.Debug|Any CPU.ActiveCfg = Debug|Any CPU
		{F7F74CDB-92C0-4227-90F6-5A457DA8F2C3}.Debug|Any CPU.Build.0 = Debug|Any CPU
		{F7F74CDB-92C0-4227-90F6-5A457DA8F2C3}.Release|Any CPU.ActiveCfg = Release|Any CPU
		{F7F74CDB-92C0-4227-90F6-5A457DA8F2C3}.Release|Any CPU.Build.0 = Release|Any CPU
	EndGlobalSection
	GlobalSection(SolutionProperties) = preSolution
		HideSolutionNode = FALSE
	EndGlobalSection
	GlobalSection(ExtensibilityGlobals) = postSolution
		SolutionGuid = {33F55569-A54A-4567-8894-97BD3126845F}
	EndGlobalSection
EndGlobal
